
Microsoft Visual Studio Solution File, Format Version 12.00
# Visual Studio Version 16
VisualStudioVersion = 16.0.29021.104
MinimumVisualStudioVersion = 10.0.40219.1
Project("{2150E333-8FDC-42A3-9474-1A3956D46DE8}") = "Ebook.Application", "Ebook.Application", "{6D59330E-DD75-4B49-AE10-424C3BF4365D}"
EndProject
Project("{2150E333-8FDC-42A3-9474-1A3956D46DE8}") = "Ebook.Domain", "Ebook.Domain", "{C34A7416-8349-4186-8705-26D4D76F1FF9}"
EndProject
Project("{2150E333-8FDC-42A3-9474-1A3956D46DE8}") = "Ebook.UI", "Ebook.UI", "{DA774BB5-5CFB-440A-8CC2-BE29D0A8D0D7}"
EndProject
Project("{2150E333-8FDC-42A3-9474-1A3956D46DE8}") = "Ebook.Infra.Data", "Ebook.Infra.Data", "{9F3FDA72-22CB-471A-95F3-AC9FFF4E4C90}"
EndProject
Project("{2150E333-8FDC-42A3-9474-1A3956D46DE8}") = "Ebook.Infra.IOC", "Ebook.Infra.IOC", "{BB7E90F1-7D44-4A47-B499-439036BD3E62}"
EndProject
Project("{FAE04EC0-301F-11D3-BF4B-00C04F79EFBC}") = "EbookDomain", "EbookDomain\EbookDomain.csproj", "{7EAAA884-8556-44EC-A29D-C9D145483A11}"
EndProject
Project("{FAE04EC0-301F-11D3-BF4B-00C04F79EFBC}") = "EbookInfraData", "EbookInfraData\EbookInfraData.csproj", "{FA50E3D3-0A7E-44F5-BE59-3546891EE604}"
EndProject
Project("{FAE04EC0-301F-11D3-BF4B-00C04F79EFBC}") = "EbookUI", "EbookUI\EbookUI.csproj", "{AA028245-F73A-40F2-8870-A8061285183C}"
EndProject
Project("{FAE04EC0-301F-11D3-BF4B-00C04F79EFBC}") = "EbookApplication", "EbookApplication\EbookApplication.csproj", "{C850CF9F-D908-4FC3-9167-81E10623DA94}"
EndProject
Project("{FAE04EC0-301F-11D3-BF4B-00C04F79EFBC}") = "EbookInfraIOC", "EbookInfraIOC\EbookInfraIOC.csproj", "{8D6271CD-CBF9-4861-B77B-3046AF10666C}"
EndProject
Global
	GlobalSection(SolutionConfigurationPlatforms) = preSolution
		Debug|Any CPU = Debug|Any CPU
		Release|Any CPU = Release|Any CPU
	EndGlobalSection
	GlobalSection(ProjectConfigurationPlatforms) = postSolution
		{7EAAA884-8556-44EC-A29D-C9D145483A11}.Debug|Any CPU.ActiveCfg = Debug|Any CPU
		{7EAAA884-8556-44EC-A29D-C9D145483A11}.Debug|Any CPU.Build.0 = Debug|Any CPU
		{7EAAA884-8556-44EC-A29D-C9D145483A11}.Release|Any CPU.ActiveCfg = Release|Any CPU
		{7EAAA884-8556-44EC-A29D-C9D145483A11}.Release|Any CPU.Build.0 = Release|Any CPU
		{FA50E3D3-0A7E-44F5-BE59-3546891EE604}.Debug|Any CPU.ActiveCfg = Debug|Any CPU
		{FA50E3D3-0A7E-44F5-BE59-3546891EE604}.Debug|Any CPU.Build.0 = Debug|Any CPU
		{FA50E3D3-0A7E-44F5-BE59-3546891EE604}.Release|Any CPU.ActiveCfg = Release|Any CPU
		{FA50E3D3-0A7E-44F5-BE59-3546891EE604}.Release|Any CPU.Build.0 = Release|Any CPU
		{AA028245-F73A-40F2-8870-A8061285183C}.Debug|Any CPU.ActiveCfg = Debug|Any CPU
		{AA028245-F73A-40F2-8870-A8061285183C}.Debug|Any CPU.Build.0 = Debug|Any CPU
		{AA028245-F73A-40F2-8870-A8061285183C}.Release|Any CPU.ActiveCfg = Release|Any CPU
		{AA028245-F73A-40F2-8870-A8061285183C}.Release|Any CPU.Build.0 = Release|Any CPU
		{C850CF9F-D908-4FC3-9167-81E10623DA94}.Debug|Any CPU.ActiveCfg = Debug|Any CPU
		{C850CF9F-D908-4FC3-9167-81E10623DA94}.Debug|Any CPU.Build.0 = Debug|Any CPU
		{C850CF9F-D908-4FC3-9167-81E10623DA94}.Release|Any CPU.ActiveCfg = Release|Any CPU
		{C850CF9F-D908-4FC3-9167-81E10623DA94}.Release|Any CPU.Build.0 = Release|Any CPU
		{8D6271CD-CBF9-4861-B77B-3046AF10666C}.Debug|Any CPU.ActiveCfg = Debug|Any CPU
		{8D6271CD-CBF9-4861-B77B-3046AF10666C}.Debug|Any CPU.Build.0 = Debug|Any CPU
		{8D6271CD-CBF9-4861-B77B-3046AF10666C}.Release|Any CPU.ActiveCfg = Release|Any CPU
		{8D6271CD-CBF9-4861-B77B-3046AF10666C}.Release|Any CPU.Build.0 = Release|Any CPU
	EndGlobalSection
	GlobalSection(SolutionProperties) = preSolution
		HideSolutionNode = FALSE
	EndGlobalSection
	GlobalSection(NestedProjects) = preSolution
		{7EAAA884-8556-44EC-A29D-C9D145483A11} = {C34A7416-8349-4186-8705-26D4D76F1FF9}
		{FA50E3D3-0A7E-44F5-BE59-3546891EE604} = {9F3FDA72-22CB-471A-95F3-AC9FFF4E4C90}
		{AA028245-F73A-40F2-8870-A8061285183C} = {DA774BB5-5CFB-440A-8CC2-BE29D0A8D0D7}
		{C850CF9F-D908-4FC3-9167-81E10623DA94} = {6D59330E-DD75-4B49-AE10-424C3BF4365D}
		{8D6271CD-CBF9-4861-B77B-3046AF10666C} = {BB7E90F1-7D44-4A47-B499-439036BD3E62}
	EndGlobalSection
	GlobalSection(ExtensibilityGlobals) = postSolution
		SolutionGuid = {BFEF2638-C03B-4986-B4EB-8F61BFBA6D17}
	EndGlobalSection
EndGlobal
